
Microsoft Visual Studio Solution File, Format Version 12.00
# Visual Studio Version 17
VisualStudioVersion = 17.2.32602.215
MinimumVisualStudioVersion = 10.0.40219.1
Project("{FAE04EC0-301F-11D3-BF4B-00C04F79EFBC}") = "fes", "fes\fes.csproj", "{383D7425-C7EE-426F-B5B7-3D98E8ADD54B}"
EndProject
Global
	GlobalSection(SolutionConfigurationPlatforms) = preSolution
		Debug|Any CPU = Debug|Any CPU
		Release|Any CPU = Release|Any CPU
	EndGlobalSection
	GlobalSection(ProjectConfigurationPlatforms) = postSolution
		{383D7425-C7EE-426F-B5B7-3D98E8ADD54B}.Debug|Any CPU.ActiveCfg = Debug|Any CPU
		{383D7425-C7EE-426F-B5B7-3D98E8ADD54B}.Debug|Any CPU.Build.0 = Debug|Any CPU
		{383D7425-C7EE-426F-B5B7-3D98E8ADD54B}.Release|Any CPU.ActiveCfg = Release|Any CPU
		{383D7425-C7EE-426F-B5B7-3D98E8ADD54B}.Release|Any CPU.Build.0 = Release|Any CPU
	EndGlobalSection
	GlobalSection(SolutionProperties) = preSolution
		HideSolutionNode = FALSE
	EndGlobalSection
	GlobalSection(ExtensibilityGlobals) = postSolution
		SolutionGuid = {90221717-B531-4C4C-A1C2-5322DD078C9A}
	EndGlobalSection
EndGlobal
