
Microsoft Visual Studio Solution File, Format Version 12.00
# Visual Studio Version 16
VisualStudioVersion = 16.0.32126.315
MinimumVisualStudioVersion = 10.0.40219.1
Project("{FAE04EC0-301F-11D3-BF4B-00C04F79EFBC}") = "praktika", "praktika\praktika.csproj", "{01A0FB9C-2BEA-4999-97A5-039DDD5220DE}"
EndProject
Global
	GlobalSection(SolutionConfigurationPlatforms) = preSolution
		Debug|Any CPU = Debug|Any CPU
		Release|Any CPU = Release|Any CPU
	EndGlobalSection
	GlobalSection(ProjectConfigurationPlatforms) = postSolution
		{01A0FB9C-2BEA-4999-97A5-039DDD5220DE}.Debug|Any CPU.ActiveCfg = Debug|Any CPU
		{01A0FB9C-2BEA-4999-97A5-039DDD5220DE}.Debug|Any CPU.Build.0 = Debug|Any CPU
		{01A0FB9C-2BEA-4999-97A5-039DDD5220DE}.Release|Any CPU.ActiveCfg = Release|Any CPU
		{01A0FB9C-2BEA-4999-97A5-039DDD5220DE}.Release|Any CPU.Build.0 = Release|Any CPU
	EndGlobalSection
	GlobalSection(SolutionProperties) = preSolution
		HideSolutionNode = FALSE
	EndGlobalSection
	GlobalSection(ExtensibilityGlobals) = postSolution
		SolutionGuid = {1F98384C-D7AE-4408-ABAE-DD626699EDA9}
	EndGlobalSection
EndGlobal
